// !$*UTF8*$!
{
	archiveVersion = 1;
	classes = {
	};
	objectVersion = 56;
	objects = {

/* Begin PBXBuildFile section */
		9C86C66C2963021C00A2C42B /* RMGetAllCharactersResponse.swift in Sources */ = {isa = PBXBuildFile; fileRef = 9C86C66B2963021C00A2C42B /* RMGetAllCharactersResponse.swift */; };
		9C86C66E29631E5200A2C42B /* RMCharacterListViewViewModel.swift in Sources */ = {isa = PBXBuildFile; fileRef = 9C86C66D29631E5200A2C42B /* RMCharacterListViewViewModel.swift */; };
		9C86C67029631EBA00A2C42B /* RMCharacterListView.swift in Sources */ = {isa = PBXBuildFile; fileRef = 9C86C66F29631EBA00A2C42B /* RMCharacterListView.swift */; };
		9C86C6722963235E00A2C42B /* Extensions.swift in Sources */ = {isa = PBXBuildFile; fileRef = 9C86C6712963235E00A2C42B /* Extensions.swift */; };
		9C9249C6296AB6CB004732FA /* RMCharacterDetailViewController.swift in Sources */ = {isa = PBXBuildFile; fileRef = 9C9249C5296AB6CB004732FA /* RMCharacterDetailViewController.swift */; };
		9C9249C8296AB781004732FA /* RMCharacterDetailView.swift in Sources */ = {isa = PBXBuildFile; fileRef = 9C9249C7296AB781004732FA /* RMCharacterDetailView.swift */; };
		9C9249CA296AB7B1004732FA /* RMCharacterDetailViewViewModel.swift in Sources */ = {isa = PBXBuildFile; fileRef = 9C9249C9296AB7B1004732FA /* RMCharacterDetailViewViewModel.swift */; };
		9CA961412961DC6C00834D57 /* RMService.swift in Sources */ = {isa = PBXBuildFile; fileRef = 9CA961402961DC6C00834D57 /* RMService.swift */; };
		9CA961432961DC7C00834D57 /* RMRequest.swift in Sources */ = {isa = PBXBuildFile; fileRef = 9CA961422961DC7C00834D57 /* RMRequest.swift */; };
		9CA961452961DD0900834D57 /* RMEndpoint.swift in Sources */ = {isa = PBXBuildFile; fileRef = 9CA961442961DD0900834D57 /* RMEndpoint.swift */; };
		9CA961472961F7EB00834D57 /* RMOrigin.swift in Sources */ = {isa = PBXBuildFile; fileRef = 9CA961462961F7EB00834D57 /* RMOrigin.swift */; };
		9CA961492961F86900834D57 /* RMSingleLocation.swift in Sources */ = {isa = PBXBuildFile; fileRef = 9CA961482961F86900834D57 /* RMSingleLocation.swift */; };
		9CA9614B2961F99900834D57 /* RMCharacterStatus.swift in Sources */ = {isa = PBXBuildFile; fileRef = 9CA9614A2961F99900834D57 /* RMCharacterStatus.swift */; };
		9CA9614D2961F9DC00834D57 /* RMCharacterGender.swift in Sources */ = {isa = PBXBuildFile; fileRef = 9CA9614C2961F9DC00834D57 /* RMCharacterGender.swift */; };
		9CDC61262961916F00907EC5 /* AppDelegate.swift in Sources */ = {isa = PBXBuildFile; fileRef = 9CDC61252961916F00907EC5 /* AppDelegate.swift */; };
		9CDC61282961916F00907EC5 /* SceneDelegate.swift in Sources */ = {isa = PBXBuildFile; fileRef = 9CDC61272961916F00907EC5 /* SceneDelegate.swift */; };
		9CDC612A2961916F00907EC5 /* RMTabBarViewController.swift in Sources */ = {isa = PBXBuildFile; fileRef = 9CDC61292961916F00907EC5 /* RMTabBarViewController.swift */; };
		9CDC612F2961917100907EC5 /* Assets.xcassets in Resources */ = {isa = PBXBuildFile; fileRef = 9CDC612E2961917100907EC5 /* Assets.xcassets */; };
		9CDC61322961917100907EC5 /* LaunchScreen.storyboard in Resources */ = {isa = PBXBuildFile; fileRef = 9CDC61302961917100907EC5 /* LaunchScreen.storyboard */; };
		9CDC6141296197EE00907EC5 /* RMLocation.swift in Sources */ = {isa = PBXBuildFile; fileRef = 9CDC6140296197EE00907EC5 /* RMLocation.swift */; };
		9CDC6143296197FA00907EC5 /* RMCharacter.swift in Sources */ = {isa = PBXBuildFile; fileRef = 9CDC6142296197FA00907EC5 /* RMCharacter.swift */; };
		9CDC61452961980900907EC5 /* RMEpisode.swift in Sources */ = {isa = PBXBuildFile; fileRef = 9CDC61442961980900907EC5 /* RMEpisode.swift */; };
		9CDC6148296198AB00907EC5 /* RMCharacterViewController.swift in Sources */ = {isa = PBXBuildFile; fileRef = 9CDC6147296198AB00907EC5 /* RMCharacterViewController.swift */; };
		9CDC614A296198D100907EC5 /* RMLocationViewController.swift in Sources */ = {isa = PBXBuildFile; fileRef = 9CDC6149296198D100907EC5 /* RMLocationViewController.swift */; };
		9CDC614C296198DA00907EC5 /* RMEpisodeViewController.swift in Sources */ = {isa = PBXBuildFile; fileRef = 9CDC614B296198DA00907EC5 /* RMEpisodeViewController.swift */; };
		9CDC614E296198F400907EC5 /* RMSettingsViewController.swift in Sources */ = {isa = PBXBuildFile; fileRef = 9CDC614D296198F400907EC5 /* RMSettingsViewController.swift */; };
		9CF46BA62965DC4700BD18AD /* RMCharacterCollectionViewCell.swift in Sources */ = {isa = PBXBuildFile; fileRef = 9CF46BA52965DC4700BD18AD /* RMCharacterCollectionViewCell.swift */; };
		9CF46BA82965DDB200BD18AD /* RMCharacterCollectionViewCellViewModel.swift in Sources */ = {isa = PBXBuildFile; fileRef = 9CF46BA72965DDB200BD18AD /* RMCharacterCollectionViewCellViewModel.swift */; };
/* End PBXBuildFile section */

/* Begin PBXFileReference section */
		9C86C66B2963021C00A2C42B /* RMGetAllCharactersResponse.swift */ = {isa = PBXFileReference; lastKnownFileType = sourcecode.swift; path = RMGetAllCharactersResponse.swift; sourceTree = "<group>"; };
		9C86C66D29631E5200A2C42B /* RMCharacterListViewViewModel.swift */ = {isa = PBXFileReference; lastKnownFileType = sourcecode.swift; path = RMCharacterListViewViewModel.swift; sourceTree = "<group>"; };
		9C86C66F29631EBA00A2C42B /* RMCharacterListView.swift */ = {isa = PBXFileReference; lastKnownFileType = sourcecode.swift; path = RMCharacterListView.swift; sourceTree = "<group>"; };
		9C86C6712963235E00A2C42B /* Extensions.swift */ = {isa = PBXFileReference; lastKnownFileType = sourcecode.swift; path = Extensions.swift; sourceTree = "<group>"; };
		9C9249C5296AB6CB004732FA /* RMCharacterDetailViewController.swift */ = {isa = PBXFileReference; lastKnownFileType = sourcecode.swift; path = RMCharacterDetailViewController.swift; sourceTree = "<group>"; };
		9C9249C7296AB781004732FA /* RMCharacterDetailView.swift */ = {isa = PBXFileReference; lastKnownFileType = sourcecode.swift; path = RMCharacterDetailView.swift; sourceTree = "<group>"; };
		9C9249C9296AB7B1004732FA /* RMCharacterDetailViewViewModel.swift */ = {isa = PBXFileReference; lastKnownFileType = sourcecode.swift; path = RMCharacterDetailViewViewModel.swift; sourceTree = "<group>"; };
		9CA961402961DC6C00834D57 /* RMService.swift */ = {isa = PBXFileReference; lastKnownFileType = sourcecode.swift; path = RMService.swift; sourceTree = "<group>"; };
		9CA961422961DC7C00834D57 /* RMRequest.swift */ = {isa = PBXFileReference; lastKnownFileType = sourcecode.swift; path = RMRequest.swift; sourceTree = "<group>"; };
		9CA961442961DD0900834D57 /* RMEndpoint.swift */ = {isa = PBXFileReference; lastKnownFileType = sourcecode.swift; path = RMEndpoint.swift; sourceTree = "<group>"; };
		9CA961462961F7EB00834D57 /* RMOrigin.swift */ = {isa = PBXFileReference; lastKnownFileType = sourcecode.swift; path = RMOrigin.swift; sourceTree = "<group>"; };
		9CA961482961F86900834D57 /* RMSingleLocation.swift */ = {isa = PBXFileReference; lastKnownFileType = sourcecode.swift; path = RMSingleLocation.swift; sourceTree = "<group>"; };
		9CA9614A2961F99900834D57 /* RMCharacterStatus.swift */ = {isa = PBXFileReference; lastKnownFileType = sourcecode.swift; path = RMCharacterStatus.swift; sourceTree = "<group>"; };
		9CA9614C2961F9DC00834D57 /* RMCharacterGender.swift */ = {isa = PBXFileReference; lastKnownFileType = sourcecode.swift; path = RMCharacterGender.swift; sourceTree = "<group>"; };
		9CDC61222961916F00907EC5 /* RickAndMorty.app */ = {isa = PBXFileReference; explicitFileType = wrapper.application; includeInIndex = 0; path = RickAndMorty.app; sourceTree = BUILT_PRODUCTS_DIR; };
		9CDC61252961916F00907EC5 /* AppDelegate.swift */ = {isa = PBXFileReference; lastKnownFileType = sourcecode.swift; path = AppDelegate.swift; sourceTree = "<group>"; };
		9CDC61272961916F00907EC5 /* SceneDelegate.swift */ = {isa = PBXFileReference; lastKnownFileType = sourcecode.swift; path = SceneDelegate.swift; sourceTree = "<group>"; };
		9CDC61292961916F00907EC5 /* RMTabBarViewController.swift */ = {isa = PBXFileReference; lastKnownFileType = sourcecode.swift; path = RMTabBarViewController.swift; sourceTree = "<group>"; };
		9CDC612E2961917100907EC5 /* Assets.xcassets */ = {isa = PBXFileReference; lastKnownFileType = folder.assetcatalog; path = Assets.xcassets; sourceTree = "<group>"; };
		9CDC61312961917100907EC5 /* Base */ = {isa = PBXFileReference; lastKnownFileType = file.storyboard; name = Base; path = Base.lproj/LaunchScreen.storyboard; sourceTree = "<group>"; };
		9CDC61332961917100907EC5 /* Info.plist */ = {isa = PBXFileReference; lastKnownFileType = text.plist.xml; path = Info.plist; sourceTree = "<group>"; };
		9CDC6140296197EE00907EC5 /* RMLocation.swift */ = {isa = PBXFileReference; lastKnownFileType = sourcecode.swift; path = RMLocation.swift; sourceTree = "<group>"; };
		9CDC6142296197FA00907EC5 /* RMCharacter.swift */ = {isa = PBXFileReference; lastKnownFileType = sourcecode.swift; path = RMCharacter.swift; sourceTree = "<group>"; };
		9CDC61442961980900907EC5 /* RMEpisode.swift */ = {isa = PBXFileReference; lastKnownFileType = sourcecode.swift; path = RMEpisode.swift; sourceTree = "<group>"; };
		9CDC6147296198AB00907EC5 /* RMCharacterViewController.swift */ = {isa = PBXFileReference; lastKnownFileType = sourcecode.swift; path = RMCharacterViewController.swift; sourceTree = "<group>"; };
		9CDC6149296198D100907EC5 /* RMLocationViewController.swift */ = {isa = PBXFileReference; lastKnownFileType = sourcecode.swift; path = RMLocationViewController.swift; sourceTree = "<group>"; };
		9CDC614B296198DA00907EC5 /* RMEpisodeViewController.swift */ = {isa = PBXFileReference; lastKnownFileType = sourcecode.swift; path = RMEpisodeViewController.swift; sourceTree = "<group>"; };
		9CDC614D296198F400907EC5 /* RMSettingsViewController.swift */ = {isa = PBXFileReference; lastKnownFileType = sourcecode.swift; path = RMSettingsViewController.swift; sourceTree = "<group>"; };
		9CF46BA52965DC4700BD18AD /* RMCharacterCollectionViewCell.swift */ = {isa = PBXFileReference; lastKnownFileType = sourcecode.swift; path = RMCharacterCollectionViewCell.swift; sourceTree = "<group>"; };
		9CF46BA72965DDB200BD18AD /* RMCharacterCollectionViewCellViewModel.swift */ = {isa = PBXFileReference; lastKnownFileType = sourcecode.swift; path = RMCharacterCollectionViewCellViewModel.swift; sourceTree = "<group>"; };
/* End PBXFileReference section */

/* Begin PBXFrameworksBuildPhase section */
		9CDC611F2961916F00907EC5 /* Frameworks */ = {
			isa = PBXFrameworksBuildPhase;
			buildActionMask = 2147483647;
			files = (
			);
			runOnlyForDeploymentPostprocessing = 0;
		};
/* End PBXFrameworksBuildPhase section */

/* Begin PBXGroup section */
		9C86C669296301C800A2C42B /* DataTypes */ = {
			isa = PBXGroup;
			children = (
				9CDC6140296197EE00907EC5 /* RMLocation.swift */,
				9CDC6142296197FA00907EC5 /* RMCharacter.swift */,
				9CDC61442961980900907EC5 /* RMEpisode.swift */,
				9CA961462961F7EB00834D57 /* RMOrigin.swift */,
				9CA961482961F86900834D57 /* RMSingleLocation.swift */,
				9CA9614A2961F99900834D57 /* RMCharacterStatus.swift */,
				9CA9614C2961F9DC00834D57 /* RMCharacterGender.swift */,
			);
			path = DataTypes;
			sourceTree = "<group>";
		};
		9C86C66A296301DA00A2C42B /* APIResponseTypes */ = {
			isa = PBXGroup;
			children = (
				9C86C66B2963021C00A2C42B /* RMGetAllCharactersResponse.swift */,
			);
			path = APIResponseTypes;
			sourceTree = "<group>";
		};
		9C9249C4296AB664004732FA /* Other */ = {
			isa = PBXGroup;
			children = (
				9C9249C5296AB6CB004732FA /* RMCharacterDetailViewController.swift */,
			);
			path = Other;
			sourceTree = "<group>";
		};
		9CDC61192961916F00907EC5 = {
			isa = PBXGroup;
			children = (
				9CDC61242961916F00907EC5 /* RickAndMorty */,
				9CDC61232961916F00907EC5 /* Products */,
			);
			sourceTree = "<group>";
		};
		9CDC61232961916F00907EC5 /* Products */ = {
			isa = PBXGroup;
			children = (
				9CDC61222961916F00907EC5 /* RickAndMorty.app */,
			);
			name = Products;
			sourceTree = "<group>";
		};
		9CDC61242961916F00907EC5 /* RickAndMorty */ = {
			isa = PBXGroup;
			children = (
				9CDC613F2961975C00907EC5 /* Resources */,
				9CDC613E2961975100907EC5 /* APIClient */,
				9CDC613D2961972A00907EC5 /* Managers */,
				9CDC613C2961971300907EC5 /* ViewModels */,
				9CDC613B2961970A00907EC5 /* Views */,
				9CDC613A296196FC00907EC5 /* Models */,
				9CDC6139296196ED00907EC5 /* Controllers */,
				9CDC61332961917100907EC5 /* Info.plist */,
			);
			path = RickAndMorty;
			sourceTree = "<group>";
		};
		9CDC6139296196ED00907EC5 /* Controllers */ = {
			isa = PBXGroup;
			children = (
				9CDC61462961987900907EC5 /* Core */,
				9C9249C4296AB664004732FA /* Other */,
			);
			path = Controllers;
			sourceTree = "<group>";
		};
		9CDC613A296196FC00907EC5 /* Models */ = {
			isa = PBXGroup;
			children = (
				9C86C66A296301DA00A2C42B /* APIResponseTypes */,
				9C86C669296301C800A2C42B /* DataTypes */,
			);
			path = Models;
			sourceTree = "<group>";
		};
		9CDC613B2961970A00907EC5 /* Views */ = {
			isa = PBXGroup;
			children = (
				9C86C66F29631EBA00A2C42B /* RMCharacterListView.swift */,
				9CF46BA52965DC4700BD18AD /* RMCharacterCollectionViewCell.swift */,
				9C9249C7296AB781004732FA /* RMCharacterDetailView.swift */,
			);
			path = Views;
			sourceTree = "<group>";
		};
		9CDC613C2961971300907EC5 /* ViewModels */ = {
			isa = PBXGroup;
			children = (
				9C86C66D29631E5200A2C42B /* RMCharacterListViewViewModel.swift */,
				9CF46BA72965DDB200BD18AD /* RMCharacterCollectionViewCellViewModel.swift */,
				9C9249C9296AB7B1004732FA /* RMCharacterDetailViewViewModel.swift */,
			);
			path = ViewModels;
			sourceTree = "<group>";
		};
		9CDC613D2961972A00907EC5 /* Managers */ = {
			isa = PBXGroup;
			children = (
			);
			path = Managers;
			sourceTree = "<group>";
		};
		9CDC613E2961975100907EC5 /* APIClient */ = {
			isa = PBXGroup;
			children = (
				9CA961402961DC6C00834D57 /* RMService.swift */,
				9CA961422961DC7C00834D57 /* RMRequest.swift */,
				9CA961442961DD0900834D57 /* RMEndpoint.swift */,
			);
			path = APIClient;
			sourceTree = "<group>";
		};
		9CDC613F2961975C00907EC5 /* Resources */ = {
			isa = PBXGroup;
			children = (
				9CDC612E2961917100907EC5 /* Assets.xcassets */,
				9CDC61302961917100907EC5 /* LaunchScreen.storyboard */,
				9CDC61252961916F00907EC5 /* AppDelegate.swift */,
				9CDC61272961916F00907EC5 /* SceneDelegate.swift */,
				9C86C6712963235E00A2C42B /* Extensions.swift */,
			);
			path = Resources;
			sourceTree = "<group>";
		};
		9CDC61462961987900907EC5 /* Core */ = {
			isa = PBXGroup;
			children = (
				9CDC61292961916F00907EC5 /* RMTabBarViewController.swift */,
				9CDC6147296198AB00907EC5 /* RMCharacterViewController.swift */,
				9CDC6149296198D100907EC5 /* RMLocationViewController.swift */,
				9CDC614B296198DA00907EC5 /* RMEpisodeViewController.swift */,
				9CDC614D296198F400907EC5 /* RMSettingsViewController.swift */,
			);
			path = Core;
			sourceTree = "<group>";
		};
/* End PBXGroup section */

/* Begin PBXNativeTarget section */
		9CDC61212961916F00907EC5 /* RickAndMorty */ = {
			isa = PBXNativeTarget;
			buildConfigurationList = 9CDC61362961917100907EC5 /* Build configuration list for PBXNativeTarget "RickAndMorty" */;
			buildPhases = (
				9CDC611E2961916F00907EC5 /* Sources */,
				9CDC611F2961916F00907EC5 /* Frameworks */,
				9CDC61202961916F00907EC5 /* Resources */,
			);
			buildRules = (
			);
			dependencies = (
			);
			name = RickAndMorty;
			productName = RickAndMorty;
			productReference = 9CDC61222961916F00907EC5 /* RickAndMorty.app */;
			productType = "com.apple.product-type.application";
		};
/* End PBXNativeTarget section */

/* Begin PBXProject section */
		9CDC611A2961916F00907EC5 /* Project object */ = {
			isa = PBXProject;
			attributes = {
				BuildIndependentTargetsInParallel = 1;
				LastSwiftUpdateCheck = 1400;
				LastUpgradeCheck = 1400;
				TargetAttributes = {
					9CDC61212961916F00907EC5 = {
						CreatedOnToolsVersion = 14.0.1;
					};
				};
			};
			buildConfigurationList = 9CDC611D2961916F00907EC5 /* Build configuration list for PBXProject "RickAndMorty" */;
			compatibilityVersion = "Xcode 14.0";
			developmentRegion = en;
			hasScannedForEncodings = 0;
			knownRegions = (
				en,
				Base,
			);
			mainGroup = 9CDC61192961916F00907EC5;
			productRefGroup = 9CDC61232961916F00907EC5 /* Products */;
			projectDirPath = "";
			projectRoot = "";
			targets = (
				9CDC61212961916F00907EC5 /* RickAndMorty */,
			);
		};
/* End PBXProject section */

/* Begin PBXResourcesBuildPhase section */
		9CDC61202961916F00907EC5 /* Resources */ = {
			isa = PBXResourcesBuildPhase;
			buildActionMask = 2147483647;
			files = (
				9CDC61322961917100907EC5 /* LaunchScreen.storyboard in Resources */,
				9CDC612F2961917100907EC5 /* Assets.xcassets in Resources */,
			);
			runOnlyForDeploymentPostprocessing = 0;
		};
/* End PBXResourcesBuildPhase section */

/* Begin PBXSourcesBuildPhase section */
		9CDC611E2961916F00907EC5 /* Sources */ = {
			isa = PBXSourcesBuildPhase;
			buildActionMask = 2147483647;
			files = (
				9CA961472961F7EB00834D57 /* RMOrigin.swift in Sources */,
				9C9249CA296AB7B1004732FA /* RMCharacterDetailViewViewModel.swift in Sources */,
				9CA961492961F86900834D57 /* RMSingleLocation.swift in Sources */,
				9C86C67029631EBA00A2C42B /* RMCharacterListView.swift in Sources */,
				9C86C66C2963021C00A2C42B /* RMGetAllCharactersResponse.swift in Sources */,
				9CA9614B2961F99900834D57 /* RMCharacterStatus.swift in Sources */,
				9CA9614D2961F9DC00834D57 /* RMCharacterGender.swift in Sources */,
				9C9249C6296AB6CB004732FA /* RMCharacterDetailViewController.swift in Sources */,
				9CDC614A296198D100907EC5 /* RMLocationViewController.swift in Sources */,
				9CDC61452961980900907EC5 /* RMEpisode.swift in Sources */,
				9CDC612A2961916F00907EC5 /* RMTabBarViewController.swift in Sources */,
				9CF46BA62965DC4700BD18AD /* RMCharacterCollectionViewCell.swift in Sources */,
				9CDC614C296198DA00907EC5 /* RMEpisodeViewController.swift in Sources */,
				9CDC61262961916F00907EC5 /* AppDelegate.swift in Sources */,
				9CDC61282961916F00907EC5 /* SceneDelegate.swift in Sources */,
				9CDC614E296198F400907EC5 /* RMSettingsViewController.swift in Sources */,
				9C86C6722963235E00A2C42B /* Extensions.swift in Sources */,
				9CA961412961DC6C00834D57 /* RMService.swift in Sources */,
				9CDC6141296197EE00907EC5 /* RMLocation.swift in Sources */,
				9CA961452961DD0900834D57 /* RMEndpoint.swift in Sources */,
				9CDC6143296197FA00907EC5 /* RMCharacter.swift in Sources */,
				9CF46BA82965DDB200BD18AD /* RMCharacterCollectionViewCellViewModel.swift in Sources */,
				9CA961432961DC7C00834D57 /* RMRequest.swift in Sources */,
				9C86C66E29631E5200A2C42B /* RMCharacterListViewViewModel.swift in Sources */,
				9CDC6148296198AB00907EC5 /* RMCharacterViewController.swift in Sources */,
				9C9249C8296AB781004732FA /* RMCharacterDetailView.swift in Sources */,
			);
			runOnlyForDeploymentPostprocessing = 0;
		};
/* End PBXSourcesBuildPhase section */

/* Begin PBXVariantGroup section */
		9CDC61302961917100907EC5 /* LaunchScreen.storyboard */ = {
			isa = PBXVariantGroup;
			children = (
				9CDC61312961917100907EC5 /* Base */,
			);
			name = LaunchScreen.storyboard;
			sourceTree = "<group>";
		};
/* End PBXVariantGroup section */

/* Begin XCBuildConfiguration section */
		9CDC61342961917100907EC5 /* Debug */ = {
			isa = XCBuildConfiguration;
			buildSettings = {
				ALWAYS_SEARCH_USER_PATHS = NO;
				CLANG_ANALYZER_NONNULL = YES;
				CLANG_ANALYZER_NUMBER_OBJECT_CONVERSION = YES_AGGRESSIVE;
				CLANG_CXX_LANGUAGE_STANDARD = "gnu++20";
				CLANG_ENABLE_MODULES = YES;
				CLANG_ENABLE_OBJC_ARC = YES;
				CLANG_ENABLE_OBJC_WEAK = YES;
				CLANG_WARN_BLOCK_CAPTURE_AUTORELEASING = YES;
				CLANG_WARN_BOOL_CONVERSION = YES;
				CLANG_WARN_COMMA = YES;
				CLANG_WARN_CONSTANT_CONVERSION = YES;
				CLANG_WARN_DEPRECATED_OBJC_IMPLEMENTATIONS = YES;
				CLANG_WARN_DIRECT_OBJC_ISA_USAGE = YES_ERROR;
				CLANG_WARN_DOCUMENTATION_COMMENTS = YES;
				CLANG_WARN_EMPTY_BODY = YES;
				CLANG_WARN_ENUM_CONVERSION = YES;
				CLANG_WARN_INFINITE_RECURSION = YES;
				CLANG_WARN_INT_CONVERSION = YES;
				CLANG_WARN_NON_LITERAL_NULL_CONVERSION = YES;
				CLANG_WARN_OBJC_IMPLICIT_RETAIN_SELF = YES;
				CLANG_WARN_OBJC_LITERAL_CONVERSION = YES;
				CLANG_WARN_OBJC_ROOT_CLASS = YES_ERROR;
				CLANG_WARN_QUOTED_INCLUDE_IN_FRAMEWORK_HEADER = YES;
				CLANG_WARN_RANGE_LOOP_ANALYSIS = YES;
				CLANG_WARN_STRICT_PROTOTYPES = YES;
				CLANG_WARN_SUSPICIOUS_MOVE = YES;
				CLANG_WARN_UNGUARDED_AVAILABILITY = YES_AGGRESSIVE;
				CLANG_WARN_UNREACHABLE_CODE = YES;
				CLANG_WARN__DUPLICATE_METHOD_MATCH = YES;
				COPY_PHASE_STRIP = NO;
				DEBUG_INFORMATION_FORMAT = dwarf;
				ENABLE_STRICT_OBJC_MSGSEND = YES;
				ENABLE_TESTABILITY = YES;
				GCC_C_LANGUAGE_STANDARD = gnu11;
				GCC_DYNAMIC_NO_PIC = NO;
				GCC_NO_COMMON_BLOCKS = YES;
				GCC_OPTIMIZATION_LEVEL = 0;
				GCC_PREPROCESSOR_DEFINITIONS = (
					"DEBUG=1",
					"$(inherited)",
				);
				GCC_WARN_64_TO_32_BIT_CONVERSION = YES;
				GCC_WARN_ABOUT_RETURN_TYPE = YES_ERROR;
				GCC_WARN_UNDECLARED_SELECTOR = YES;
				GCC_WARN_UNINITIALIZED_AUTOS = YES_AGGRESSIVE;
				GCC_WARN_UNUSED_FUNCTION = YES;
				GCC_WARN_UNUSED_VARIABLE = YES;
				IPHONEOS_DEPLOYMENT_TARGET = 16.0;
				MTL_ENABLE_DEBUG_INFO = INCLUDE_SOURCE;
				MTL_FAST_MATH = YES;
				ONLY_ACTIVE_ARCH = YES;
				SDKROOT = iphoneos;
				SWIFT_ACTIVE_COMPILATION_CONDITIONS = DEBUG;
				SWIFT_OPTIMIZATION_LEVEL = "-Onone";
			};
			name = Debug;
		};
		9CDC61352961917100907EC5 /* Release */ = {
			isa = XCBuildConfiguration;
			buildSettings = {
				ALWAYS_SEARCH_USER_PATHS = NO;
				CLANG_ANALYZER_NONNULL = YES;
				CLANG_ANALYZER_NUMBER_OBJECT_CONVERSION = YES_AGGRESSIVE;
				CLANG_CXX_LANGUAGE_STANDARD = "gnu++20";
				CLANG_ENABLE_MODULES = YES;
				CLANG_ENABLE_OBJC_ARC = YES;
				CLANG_ENABLE_OBJC_WEAK = YES;
				CLANG_WARN_BLOCK_CAPTURE_AUTORELEASING = YES;
				CLANG_WARN_BOOL_CONVERSION = YES;
				CLANG_WARN_COMMA = YES;
				CLANG_WARN_CONSTANT_CONVERSION = YES;
				CLANG_WARN_DEPRECATED_OBJC_IMPLEMENTATIONS = YES;
				CLANG_WARN_DIRECT_OBJC_ISA_USAGE = YES_ERROR;
				CLANG_WARN_DOCUMENTATION_COMMENTS = YES;
				CLANG_WARN_EMPTY_BODY = YES;
				CLANG_WARN_ENUM_CONVERSION = YES;
				CLANG_WARN_INFINITE_RECURSION = YES;
				CLANG_WARN_INT_CONVERSION = YES;
				CLANG_WARN_NON_LITERAL_NULL_CONVERSION = YES;
				CLANG_WARN_OBJC_IMPLICIT_RETAIN_SELF = YES;
				CLANG_WARN_OBJC_LITERAL_CONVERSION = YES;
				CLANG_WARN_OBJC_ROOT_CLASS = YES_ERROR;
				CLANG_WARN_QUOTED_INCLUDE_IN_FRAMEWORK_HEADER = YES;
				CLANG_WARN_RANGE_LOOP_ANALYSIS = YES;
				CLANG_WARN_STRICT_PROTOTYPES = YES;
				CLANG_WARN_SUSPICIOUS_MOVE = YES;
				CLANG_WARN_UNGUARDED_AVAILABILITY = YES_AGGRESSIVE;
				CLANG_WARN_UNREACHABLE_CODE = YES;
				CLANG_WARN__DUPLICATE_METHOD_MATCH = YES;
				COPY_PHASE_STRIP = NO;
				DEBUG_INFORMATION_FORMAT = "dwarf-with-dsym";
				ENABLE_NS_ASSERTIONS = NO;
				ENABLE_STRICT_OBJC_MSGSEND = YES;
				GCC_C_LANGUAGE_STANDARD = gnu11;
				GCC_NO_COMMON_BLOCKS = YES;
				GCC_WARN_64_TO_32_BIT_CONVERSION = YES;
				GCC_WARN_ABOUT_RETURN_TYPE = YES_ERROR;
				GCC_WARN_UNDECLARED_SELECTOR = YES;
				GCC_WARN_UNINITIALIZED_AUTOS = YES_AGGRESSIVE;
				GCC_WARN_UNUSED_FUNCTION = YES;
				GCC_WARN_UNUSED_VARIABLE = YES;
				IPHONEOS_DEPLOYMENT_TARGET = 16.0;
				MTL_ENABLE_DEBUG_INFO = NO;
				MTL_FAST_MATH = YES;
				SDKROOT = iphoneos;
				SWIFT_COMPILATION_MODE = wholemodule;
				SWIFT_OPTIMIZATION_LEVEL = "-O";
				VALIDATE_PRODUCT = YES;
			};
			name = Release;
		};
		9CDC61372961917100907EC5 /* Debug */ = {
			isa = XCBuildConfiguration;
			buildSettings = {
				ASSETCATALOG_COMPILER_APPICON_NAME = AppIcon;
				ASSETCATALOG_COMPILER_GLOBAL_ACCENT_COLOR_NAME = AccentColor;
				CODE_SIGN_STYLE = Automatic;
				CURRENT_PROJECT_VERSION = 1;
				GENERATE_INFOPLIST_FILE = YES;
				INFOPLIST_FILE = RickAndMorty/Info.plist;
				INFOPLIST_KEY_UIApplicationSupportsIndirectInputEvents = YES;
				INFOPLIST_KEY_UILaunchStoryboardName = LaunchScreen;
				INFOPLIST_KEY_UISupportedInterfaceOrientations_iPad = "UIInterfaceOrientationPortrait UIInterfaceOrientationPortraitUpsideDown UIInterfaceOrientationLandscapeLeft UIInterfaceOrientationLandscapeRight";
				INFOPLIST_KEY_UISupportedInterfaceOrientations_iPhone = "UIInterfaceOrientationPortrait UIInterfaceOrientationLandscapeLeft UIInterfaceOrientationLandscapeRight";
				LD_RUNPATH_SEARCH_PATHS = (
					"$(inherited)",
					"@executable_path/Frameworks",
				);
				MARKETING_VERSION = 1.0;
				PRODUCT_BUNDLE_IDENTIFIER = bg.digitals.RickAndMorty;
				PRODUCT_NAME = "$(TARGET_NAME)";
				SWIFT_EMIT_LOC_STRINGS = YES;
				SWIFT_VERSION = 5.0;
				TARGETED_DEVICE_FAMILY = "1,2";
			};
			name = Debug;
		};
		9CDC61382961917100907EC5 /* Release */ = {
			isa = XCBuildConfiguration;
			buildSettings = {
				ASSETCATALOG_COMPILER_APPICON_NAME = AppIcon;
				ASSETCATALOG_COMPILER_GLOBAL_ACCENT_COLOR_NAME = AccentColor;
				CODE_SIGN_STYLE = Automatic;
				CURRENT_PROJECT_VERSION = 1;
				GENERATE_INFOPLIST_FILE = YES;
				INFOPLIST_FILE = RickAndMorty/Info.plist;
				INFOPLIST_KEY_UIApplicationSupportsIndirectInputEvents = YES;
				INFOPLIST_KEY_UILaunchStoryboardName = LaunchScreen;
				INFOPLIST_KEY_UISupportedInterfaceOrientations_iPad = "UIInterfaceOrientationPortrait UIInterfaceOrientationPortraitUpsideDown UIInterfaceOrientationLandscapeLeft UIInterfaceOrientationLandscapeRight";
				INFOPLIST_KEY_UISupportedInterfaceOrientations_iPhone = "UIInterfaceOrientationPortrait UIInterfaceOrientationLandscapeLeft UIInterfaceOrientationLandscapeRight";
				LD_RUNPATH_SEARCH_PATHS = (
					"$(inherited)",
					"@executable_path/Frameworks",
				);
				MARKETING_VERSION = 1.0;
				PRODUCT_BUNDLE_IDENTIFIER = bg.digitals.RickAndMorty;
				PRODUCT_NAME = "$(TARGET_NAME)";
				SWIFT_EMIT_LOC_STRINGS = YES;
				SWIFT_VERSION = 5.0;
				TARGETED_DEVICE_FAMILY = "1,2";
			};
			name = Release;
		};
/* End XCBuildConfiguration section */

/* Begin XCConfigurationList section */
		9CDC611D2961916F00907EC5 /* Build configuration list for PBXProject "RickAndMorty" */ = {
			isa = XCConfigurationList;
			buildConfigurations = (
				9CDC61342961917100907EC5 /* Debug */,
				9CDC61352961917100907EC5 /* Release */,
			);
			defaultConfigurationIsVisible = 0;
			defaultConfigurationName = Release;
		};
		9CDC61362961917100907EC5 /* Build configuration list for PBXNativeTarget "RickAndMorty" */ = {
			isa = XCConfigurationList;
			buildConfigurations = (
				9CDC61372961917100907EC5 /* Debug */,
				9CDC61382961917100907EC5 /* Release */,
			);
			defaultConfigurationIsVisible = 0;
			defaultConfigurationName = Release;
		};
/* End XCConfigurationList section */
	};
	rootObject = 9CDC611A2961916F00907EC5 /* Project object */;
}
